
Microsoft Visual Studio Solution File, Format Version 12.00
# Visual Studio Version 16
VisualStudioVersion = 16.0.30309.148
MinimumVisualStudioVersion = 10.0.40219.1
Project("{FAE04EC0-301F-11D3-BF4B-00C04F79EFBC}") = "AgendaUI", "AgendaUI\AgendaUI.csproj", "{95E41EE7-DEB2-406D-A6E9-721EC58B14ED}"
EndProject
Project("{FAE04EC0-301F-11D3-BF4B-00C04F79EFBC}") = "AgendaBE", "AgendaBE\AgendaBE.csproj", "{D93EBBC3-0F26-428B-A281-8A9355619A88}"
EndProject
Project("{FAE04EC0-301F-11D3-BF4B-00C04F79EFBC}") = "FuncoesAuxiliares", "FuncoesAuxiliares\FuncoesAuxiliares.csproj", "{EACEB162-8504-4D63-953E-6BB257467BB7}"
EndProject
Project("{FAE04EC0-301F-11D3-BF4B-00C04F79EFBC}") = "AgendaTDD", "AgendaTDD\AgendaTDD.csproj", "{CD49E490-99BA-4A3F-A4F2-EC208F267380}"
EndProject
Project("{FAE04EC0-301F-11D3-BF4B-00C04F79EFBC}") = "Aux_Mt", "Aux_Mt\Aux_Mt.csproj", "{A7CB9565-9FBF-4766-A870-834D843101BD}"
EndProject
Global
	GlobalSection(SolutionConfigurationPlatforms) = preSolution
		Debug|Any CPU = Debug|Any CPU
		Release|Any CPU = Release|Any CPU
	EndGlobalSection
	GlobalSection(ProjectConfigurationPlatforms) = postSolution
		{95E41EE7-DEB2-406D-A6E9-721EC58B14ED}.Debug|Any CPU.ActiveCfg = Debug|Any CPU
		{95E41EE7-DEB2-406D-A6E9-721EC58B14ED}.Debug|Any CPU.Build.0 = Debug|Any CPU
		{95E41EE7-DEB2-406D-A6E9-721EC58B14ED}.Release|Any CPU.ActiveCfg = Release|Any CPU
		{95E41EE7-DEB2-406D-A6E9-721EC58B14ED}.Release|Any CPU.Build.0 = Release|Any CPU
		{D93EBBC3-0F26-428B-A281-8A9355619A88}.Debug|Any CPU.ActiveCfg = Debug|Any CPU
		{D93EBBC3-0F26-428B-A281-8A9355619A88}.Debug|Any CPU.Build.0 = Debug|Any CPU
		{D93EBBC3-0F26-428B-A281-8A9355619A88}.Release|Any CPU.ActiveCfg = Release|Any CPU
		{D93EBBC3-0F26-428B-A281-8A9355619A88}.Release|Any CPU.Build.0 = Release|Any CPU
		{EACEB162-8504-4D63-953E-6BB257467BB7}.Debug|Any CPU.ActiveCfg = Debug|Any CPU
		{EACEB162-8504-4D63-953E-6BB257467BB7}.Debug|Any CPU.Build.0 = Debug|Any CPU
		{EACEB162-8504-4D63-953E-6BB257467BB7}.Release|Any CPU.ActiveCfg = Release|Any CPU
		{EACEB162-8504-4D63-953E-6BB257467BB7}.Release|Any CPU.Build.0 = Release|Any CPU
		{CD49E490-99BA-4A3F-A4F2-EC208F267380}.Debug|Any CPU.ActiveCfg = Debug|Any CPU
		{CD49E490-99BA-4A3F-A4F2-EC208F267380}.Debug|Any CPU.Build.0 = Debug|Any CPU
		{CD49E490-99BA-4A3F-A4F2-EC208F267380}.Release|Any CPU.ActiveCfg = Release|Any CPU
		{CD49E490-99BA-4A3F-A4F2-EC208F267380}.Release|Any CPU.Build.0 = Release|Any CPU
		{A7CB9565-9FBF-4766-A870-834D843101BD}.Debug|Any CPU.ActiveCfg = Debug|Any CPU
		{A7CB9565-9FBF-4766-A870-834D843101BD}.Debug|Any CPU.Build.0 = Debug|Any CPU
		{A7CB9565-9FBF-4766-A870-834D843101BD}.Release|Any CPU.ActiveCfg = Release|Any CPU
		{A7CB9565-9FBF-4766-A870-834D843101BD}.Release|Any CPU.Build.0 = Release|Any CPU
	EndGlobalSection
	GlobalSection(SolutionProperties) = preSolution
		HideSolutionNode = FALSE
	EndGlobalSection
	GlobalSection(ExtensibilityGlobals) = postSolution
		SolutionGuid = {A0DBCB91-7C0E-4CEA-99A2-1ACA29B0C201}
	EndGlobalSection
EndGlobal
